{
  "lockfileVersion": 1,
  "workspaces": {
    "": {
      "name": "yuescript",
      "peerDependencies": {
        "typescript": "^5",
      },
    },
  },
  "packages": {
    "typescript": ["typescript@5.8.2", "", { "bin": { "tsc": "bin/tsc", "tsserver": "bin/tsserver" } }, "sha512-aJn6wq13/afZp/jT9QZmwEjDqqvSGp1VT5GVg+f/t6/oVyrgXM6BY1h9BRh/O5p3PlUPAe+WuiEZOmb/49RqoQ=="],
  }
}
